
Microsoft Visual Studio Solution File, Format Version 12.00
# Visual Studio Version 17
VisualStudioVersion = 17.8.34316.72
MinimumVisualStudioVersion = 10.0.40219.1
Project("{FAE04EC0-301F-11D3-BF4B-00C04F79EFBC}") = "EMSAPI", "EMSAPI\EMSAPI.csproj", "{6EEC777B-2817-4DAF-9E52-5117989F38EB}"
EndProject
Global
	GlobalSection(SolutionConfigurationPlatforms) = preSolution
		Debug|Any CPU = Debug|Any CPU
		Release|Any CPU = Release|Any CPU
	EndGlobalSection
	GlobalSection(ProjectConfigurationPlatforms) = postSolution
		{6EEC777B-2817-4DAF-9E52-5117989F38EB}.Debug|Any CPU.ActiveCfg = Debug|Any CPU
		{6EEC777B-2817-4DAF-9E52-5117989F38EB}.Debug|Any CPU.Build.0 = Debug|Any CPU
		{6EEC777B-2817-4DAF-9E52-5117989F38EB}.Release|Any CPU.ActiveCfg = Release|Any CPU
		{6EEC777B-2817-4DAF-9E52-5117989F38EB}.Release|Any CPU.Build.0 = Release|Any CPU
	EndGlobalSection
	GlobalSection(SolutionProperties) = preSolution
		HideSolutionNode = FALSE
	EndGlobalSection
	GlobalSection(ExtensibilityGlobals) = postSolution
		SolutionGuid = {BEB9EF4F-0284-413D-863A-63B11466B6D3}
	EndGlobalSection
EndGlobal
